
Microsoft Visual Studio Solution File, Format Version 12.00
# Visual Studio 15
VisualStudioVersion = 15.0.28010.2026
MinimumVisualStudioVersion = 10.0.40219.1
Project("{FAE04EC0-301F-11D3-BF4B-00C04F79EFBC}") = "WebGSB", "WebGSB\WebGSB.csproj", "{DBB46388-1C94-4B7B-9CE6-F5EE3A0BD220}"
EndProject
Global
	GlobalSection(SolutionConfigurationPlatforms) = preSolution
		Debug|Any CPU = Debug|Any CPU
		Release|Any CPU = Release|Any CPU
	EndGlobalSection
	GlobalSection(ProjectConfigurationPlatforms) = postSolution
		{DBB46388-1C94-4B7B-9CE6-F5EE3A0BD220}.Debug|Any CPU.ActiveCfg = Debug|Any CPU
		{DBB46388-1C94-4B7B-9CE6-F5EE3A0BD220}.Debug|Any CPU.Build.0 = Debug|Any CPU
		{DBB46388-1C94-4B7B-9CE6-F5EE3A0BD220}.Release|Any CPU.ActiveCfg = Release|Any CPU
		{DBB46388-1C94-4B7B-9CE6-F5EE3A0BD220}.Release|Any CPU.Build.0 = Release|Any CPU
	EndGlobalSection
	GlobalSection(SolutionProperties) = preSolution
		HideSolutionNode = FALSE
	EndGlobalSection
	GlobalSection(ExtensibilityGlobals) = postSolution
		SolutionGuid = {3A65FC08-C6B9-4CA6-A281-616070FCD035}
	EndGlobalSection
EndGlobal
